
Microsoft Visual Studio Solution File, Format Version 12.00
# Visual Studio Version 17
VisualStudioVersion = 17.5.33502.453
MinimumVisualStudioVersion = 10.0.40219.1
Project("{9A19103F-16F7-4668-BE54-9A1E7A4F7556}") = "CSharpOpdrachten", "My first project\CSharpOpdrachten.csproj", "{CE4F4717-F3B3-46D3-A5B1-60624064A611}"
EndProject
Project("{9A19103F-16F7-4668-BE54-9A1E7A4F7556}") = "ProjectAddOpdracht", "ProjectAddOpdracht\ProjectAddOpdracht.csproj", "{E10ACDA4-4F9C-45C1-B613-537D2237C659}"
EndProject
Project("{FAE04EC0-301F-11D3-BF4B-00C04F79EFBC}") = "Time", "Time\Time.csproj", "{AD647D44-5535-4CAD-80BA-76E0C66A92E0}"
EndProject
Global
	GlobalSection(SolutionConfigurationPlatforms) = preSolution
		Debug|Any CPU = Debug|Any CPU
		Release|Any CPU = Release|Any CPU
	EndGlobalSection
	GlobalSection(ProjectConfigurationPlatforms) = postSolution
		{CE4F4717-F3B3-46D3-A5B1-60624064A611}.Debug|Any CPU.ActiveCfg = Debug|Any CPU
		{CE4F4717-F3B3-46D3-A5B1-60624064A611}.Debug|Any CPU.Build.0 = Debug|Any CPU
		{CE4F4717-F3B3-46D3-A5B1-60624064A611}.Release|Any CPU.ActiveCfg = Release|Any CPU
		{CE4F4717-F3B3-46D3-A5B1-60624064A611}.Release|Any CPU.Build.0 = Release|Any CPU
		{E10ACDA4-4F9C-45C1-B613-537D2237C659}.Debug|Any CPU.ActiveCfg = Debug|Any CPU
		{E10ACDA4-4F9C-45C1-B613-537D2237C659}.Debug|Any CPU.Build.0 = Debug|Any CPU
		{E10ACDA4-4F9C-45C1-B613-537D2237C659}.Release|Any CPU.ActiveCfg = Release|Any CPU
		{E10ACDA4-4F9C-45C1-B613-537D2237C659}.Release|Any CPU.Build.0 = Release|Any CPU
		{AD647D44-5535-4CAD-80BA-76E0C66A92E0}.Debug|Any CPU.ActiveCfg = Debug|Any CPU
		{AD647D44-5535-4CAD-80BA-76E0C66A92E0}.Debug|Any CPU.Build.0 = Debug|Any CPU
		{AD647D44-5535-4CAD-80BA-76E0C66A92E0}.Release|Any CPU.ActiveCfg = Release|Any CPU
		{AD647D44-5535-4CAD-80BA-76E0C66A92E0}.Release|Any CPU.Build.0 = Release|Any CPU
	EndGlobalSection
	GlobalSection(SolutionProperties) = preSolution
		HideSolutionNode = FALSE
	EndGlobalSection
	GlobalSection(ExtensibilityGlobals) = postSolution
		SolutionGuid = {A38D7B59-2EA6-4044-A7BD-BE538D7942BB}
	EndGlobalSection
EndGlobal
